hash: 483e59d798219f195c48cf3cd2dbb8574d8aa8cdf336af7b3879cbdd54f52967
updated: 2016-05-13T10:04:44.272275222+01:00
imports:
- name: github.com/gorilla/context
  version: a8d44e7d8e4d532b6a27a02dd82abb31cc1b01bd
- name: github.com/gorilla/mux
  version: 9c19ed558d5df4da88e2ade9c8940d742aef0e7e
devImports: []
